// !$*UTF8*$!
{
	archiveVersion = 1;
	classes = {
	};
	objectVersion = 56;
	objects = {

/* Begin PBXBuildFile section */
		A490E68D2B0E02A500E9365C /* examCalendarView.swift in Sources */ = {isa = PBXBuildFile; fileRef = A490E68C2B0E02A500E9365C /* examCalendarView.swift */; };
		A490E6912B0E2E1F00E9365C /* TestView2.swift in Sources */ = {isa = PBXBuildFile; fileRef = A490E6902B0E2E1F00E9365C /* TestView2.swift */; };
		A4A58A332B0BB0C800071DE9 /* tabBarView.swift in Sources */ = {isa = PBXBuildFile; fileRef = A4A58A322B0BB0C800071DE9 /* tabBarView.swift */; };
		A4A6C5322B0A566C00CCA24A /* myVanvitelliApp.swift in Sources */ = {isa = PBXBuildFile; fileRef = A4A6C5312B0A566C00CCA24A /* myVanvitelliApp.swift */; };
		A4A6C5342B0A566C00CCA24A /* ContentView.swift in Sources */ = {isa = PBXBuildFile; fileRef = A4A6C5332B0A566C00CCA24A /* ContentView.swift */; };
		A4A6C5362B0A566D00CCA24A /* Assets.xcassets in Resources */ = {isa = PBXBuildFile; fileRef = A4A6C5352B0A566D00CCA24A /* Assets.xcassets */; };
		A4A6C5392B0A566D00CCA24A /* Preview Assets.xcassets in Resources */ = {isa = PBXBuildFile; fileRef = A4A6C5382B0A566D00CCA24A /* Preview Assets.xcassets */; };
		A4C0FFFE2B0BC1B8002F06D4 /* examView.swift in Sources */ = {isa = PBXBuildFile; fileRef = A4C0FFFD2B0BC1B8002F06D4 /* examView.swift */; };
		A4CA4C8A2B0F7B5800C8382E /* TestView.swift in Sources */ = {isa = PBXBuildFile; fileRef = A4CA4C892B0F7B5800C8382E /* TestView.swift */; };
/* End PBXBuildFile section */

/* Begin PBXFileReference section */
		A490E68C2B0E02A500E9365C /* examCalendarView.swift */ = {isa = PBXFileReference; lastKnownFileType = sourcecode.swift; path = examCalendarView.swift; sourceTree = "<group>"; };
		A490E6902B0E2E1F00E9365C /* TestView2.swift */ = {isa = PBXFileReference; lastKnownFileType = sourcecode.swift; path = TestView2.swift; sourceTree = "<group>"; };
		A4A58A322B0BB0C800071DE9 /* tabBarView.swift */ = {isa = PBXFileReference; lastKnownFileType = sourcecode.swift; path = tabBarView.swift; sourceTree = "<group>"; };
		A4A6C52E2B0A566C00CCA24A /* myVanvitelli.app */ = {isa = PBXFileReference; explicitFileType = wrapper.application; includeInIndex = 0; path = myVanvitelli.app; sourceTree = BUILT_PRODUCTS_DIR; };
		A4A6C5312B0A566C00CCA24A /* myVanvitelliApp.swift */ = {isa = PBXFileReference; lastKnownFileType = sourcecode.swift; path = myVanvitelliApp.swift; sourceTree = "<group>"; };
		A4A6C5332B0A566C00CCA24A /* ContentView.swift */ = {isa = PBXFileReference; lastKnownFileType = sourcecode.swift; path = ContentView.swift; sourceTree = "<group>"; };
		A4A6C5352B0A566D00CCA24A /* Assets.xcassets */ = {isa = PBXFileReference; lastKnownFileType = folder.assetcatalog; path = Assets.xcassets; sourceTree = "<group>"; };
		A4A6C5382B0A566D00CCA24A /* Preview Assets.xcassets */ = {isa = PBXFileReference; lastKnownFileType = folder.assetcatalog; path = "Preview Assets.xcassets"; sourceTree = "<group>"; };
		A4C0FFFD2B0BC1B8002F06D4 /* examView.swift */ = {isa = PBXFileReference; lastKnownFileType = sourcecode.swift; path = examView.swift; sourceTree = "<group>"; };
		A4CA4C892B0F7B5800C8382E /* TestView.swift */ = {isa = PBXFileReference; lastKnownFileType = sourcecode.swift; path = TestView.swift; sourceTree = "<group>"; };
/* End PBXFileReference section */

/* Begin PBXFrameworksBuildPhase section */
		A4A6C52B2B0A566C00CCA24A /* Frameworks */ = {
			isa = PBXFrameworksBuildPhase;
			buildActionMask = 2147483647;
			files = (
			);
			runOnlyForDeploymentPostprocessing = 0;
		};
/* End PBXFrameworksBuildPhase section */

/* Begin PBXGroup section */
		A4A6C5252B0A566C00CCA24A = {
			isa = PBXGroup;
			children = (
				A4A6C5302B0A566C00CCA24A /* myVanvitelli */,
				A4A6C52F2B0A566C00CCA24A /* Products */,
			);
			sourceTree = "<group>";
		};
		A4A6C52F2B0A566C00CCA24A /* Products */ = {
			isa = PBXGroup;
			children = (
				A4A6C52E2B0A566C00CCA24A /* myVanvitelli.app */,
			);
			name = Products;
			sourceTree = "<group>";
		};
		A4A6C5302B0A566C00CCA24A /* myVanvitelli */ = {
			isa = PBXGroup;
			children = (
				A4A6C5312B0A566C00CCA24A /* myVanvitelliApp.swift */,
				A4A6C5332B0A566C00CCA24A /* ContentView.swift */,
				A4A58A322B0BB0C800071DE9 /* tabBarView.swift */,
				A4C0FFFD2B0BC1B8002F06D4 /* examView.swift */,
				A490E68C2B0E02A500E9365C /* examCalendarView.swift */,
				A4A6C5352B0A566D00CCA24A /* Assets.xcassets */,
				A4A6C5372B0A566D00CCA24A /* Preview Content */,
				A490E6902B0E2E1F00E9365C /* TestView2.swift */,
			);
			path = myVanvitelli;
			sourceTree = "<group>";
		};
		A4A6C5372B0A566D00CCA24A /* Preview Content */ = {
			isa = PBXGroup;
			children = (
				A4A6C5382B0A566D00CCA24A /* Preview Assets.xcassets */,
				A4CA4C892B0F7B5800C8382E /* TestView.swift */,
			);
			path = "Preview Content";
			sourceTree = "<group>";
		};
/* End PBXGroup section */

/* Begin PBXNativeTarget section */
		A4A6C52D2B0A566C00CCA24A /* myVanvitelli */ = {
			isa = PBXNativeTarget;
			buildConfigurationList = A4A6C53C2B0A566D00CCA24A /* Build configuration list for PBXNativeTarget "myVanvitelli" */;
			buildPhases = (
				A4A6C52A2B0A566C00CCA24A /* Sources */,
				A4A6C52B2B0A566C00CCA24A /* Frameworks */,
				A4A6C52C2B0A566C00CCA24A /* Resources */,
			);
			buildRules = (
			);
			dependencies = (
			);
			name = myVanvitelli;
			productName = myVanvitelli;
			productReference = A4A6C52E2B0A566C00CCA24A /* myVanvitelli.app */;
			productType = "com.apple.product-type.application";
		};
/* End PBXNativeTarget section */

/* Begin PBXProject section */
		A4A6C5262B0A566C00CCA24A /* Project object */ = {
			isa = PBXProject;
			attributes = {
				BuildIndependentTargetsInParallel = 1;
				LastSwiftUpdateCheck = 1500;
				LastUpgradeCheck = 1500;
				TargetAttributes = {
					A4A6C52D2B0A566C00CCA24A = {
						CreatedOnToolsVersion = 15.0.1;
					};
				};
			};
			buildConfigurationList = A4A6C5292B0A566C00CCA24A /* Build configuration list for PBXProject "myVanvitelli" */;
			compatibilityVersion = "Xcode 14.0";
			developmentRegion = en;
			hasScannedForEncodings = 0;
			knownRegions = (
				en,
				Base,
			);
			mainGroup = A4A6C5252B0A566C00CCA24A;
			productRefGroup = A4A6C52F2B0A566C00CCA24A /* Products */;
			projectDirPath = "";
			projectRoot = "";
			targets = (
				A4A6C52D2B0A566C00CCA24A /* myVanvitelli */,
			);
		};
/* End PBXProject section */

/* Begin PBXResourcesBuildPhase section */
		A4A6C52C2B0A566C00CCA24A /* Resources */ = {
			isa = PBXResourcesBuildPhase;
			buildActionMask = 2147483647;
			files = (
				A4A6C5392B0A566D00CCA24A /* Preview Assets.xcassets in Resources */,
				A4A6C5362B0A566D00CCA24A /* Assets.xcassets in Resources */,
			);
			runOnlyForDeploymentPostprocessing = 0;
		};
/* End PBXResourcesBuildPhase section */

/* Begin PBXSourcesBuildPhase section */
		A4A6C52A2B0A566C00CCA24A /* Sources */ = {
			isa = PBXSourcesBuildPhase;
			buildActionMask = 2147483647;
			files = (
				A4CA4C8A2B0F7B5800C8382E /* TestView.swift in Sources */,
				A490E68D2B0E02A500E9365C /* examCalendarView.swift in Sources */,
				A4A6C5342B0A566C00CCA24A /* ContentView.swift in Sources */,
				A4A6C5322B0A566C00CCA24A /* myVanvitelliApp.swift in Sources */,
				A490E6912B0E2E1F00E9365C /* TestView2.swift in Sources */,
				A4C0FFFE2B0BC1B8002F06D4 /* examView.swift in Sources */,
				A4A58A332B0BB0C800071DE9 /* tabBarView.swift in Sources */,
			);
			runOnlyForDeploymentPostprocessing = 0;
		};
/* End PBXSourcesBuildPhase section */

/* Begin XCBuildConfiguration section */
		A4A6C53A2B0A566D00CCA24A /* Debug */ = {
			isa = XCBuildConfiguration;
			buildSettings = {
				ALWAYS_SEARCH_USER_PATHS = NO;
				ASSETCATALOG_COMPILER_GENERATE_SWIFT_ASSET_SYMBOL_EXTENSIONS = YES;
				CLANG_ANALYZER_NONNULL = YES;
				CLANG_ANALYZER_NUMBER_OBJECT_CONVERSION = YES_AGGRESSIVE;
				CLANG_CXX_LANGUAGE_STANDARD = "gnu++20";
				CLANG_ENABLE_MODULES = YES;
				CLANG_ENABLE_OBJC_ARC = YES;
				CLANG_ENABLE_OBJC_WEAK = YES;
				CLANG_WARN_BLOCK_CAPTURE_AUTORELEASING = YES;
				CLANG_WARN_BOOL_CONVERSION = YES;
				CLANG_WARN_COMMA = YES;
				CLANG_WARN_CONSTANT_CONVERSION = YES;
				CLANG_WARN_DEPRECATED_OBJC_IMPLEMENTATIONS = YES;
				CLANG_WARN_DIRECT_OBJC_ISA_USAGE = YES_ERROR;
				CLANG_WARN_DOCUMENTATION_COMMENTS = YES;
				CLANG_WARN_EMPTY_BODY = YES;
				CLANG_WARN_ENUM_CONVERSION = YES;
				CLANG_WARN_INFINITE_RECURSION = YES;
				CLANG_WARN_INT_CONVERSION = YES;
				CLANG_WARN_NON_LITERAL_NULL_CONVERSION = YES;
				CLANG_WARN_OBJC_IMPLICIT_RETAIN_SELF = YES;
				CLANG_WARN_OBJC_LITERAL_CONVERSION = YES;
				CLANG_WARN_OBJC_ROOT_CLASS = YES_ERROR;
				CLANG_WARN_QUOTED_INCLUDE_IN_FRAMEWORK_HEADER = YES;
				CLANG_WARN_RANGE_LOOP_ANALYSIS = YES;
				CLANG_WARN_STRICT_PROTOTYPES = YES;
				CLANG_WARN_SUSPICIOUS_MOVE = YES;
				CLANG_WARN_UNGUARDED_AVAILABILITY = YES_AGGRESSIVE;
				CLANG_WARN_UNREACHABLE_CODE = YES;
				CLANG_WARN__DUPLICATE_METHOD_MATCH = YES;
				COPY_PHASE_STRIP = NO;
				DEBUG_INFORMATION_FORMAT = dwarf;
				ENABLE_STRICT_OBJC_MSGSEND = YES;
				ENABLE_TESTABILITY = YES;
				ENABLE_USER_SCRIPT_SANDBOXING = YES;
				GCC_C_LANGUAGE_STANDARD = gnu17;
				GCC_DYNAMIC_NO_PIC = NO;
				GCC_NO_COMMON_BLOCKS = YES;
				GCC_OPTIMIZATION_LEVEL = 0;
				GCC_PREPROCESSOR_DEFINITIONS = (
					"DEBUG=1",
					"$(inherited)",
				);
				GCC_WARN_64_TO_32_BIT_CONVERSION = YES;
				GCC_WARN_ABOUT_RETURN_TYPE = YES_ERROR;
				GCC_WARN_UNDECLARED_SELECTOR = YES;
				GCC_WARN_UNINITIALIZED_AUTOS = YES_AGGRESSIVE;
				GCC_WARN_UNUSED_FUNCTION = YES;
				GCC_WARN_UNUSED_VARIABLE = YES;
				IPHONEOS_DEPLOYMENT_TARGET = 17.0;
				LOCALIZATION_PREFERS_STRING_CATALOGS = YES;
				MTL_ENABLE_DEBUG_INFO = INCLUDE_SOURCE;
				MTL_FAST_MATH = YES;
				ONLY_ACTIVE_ARCH = YES;
				SDKROOT = iphoneos;
				SWIFT_ACTIVE_COMPILATION_CONDITIONS = "DEBUG $(inherited)";
				SWIFT_OPTIMIZATION_LEVEL = "-Onone";
			};
			name = Debug;
		};
		A4A6C53B2B0A566D00CCA24A /* Release */ = {
			isa = XCBuildConfiguration;
			buildSettings = {
				ALWAYS_SEARCH_USER_PATHS = NO;
				ASSETCATALOG_COMPILER_GENERATE_SWIFT_ASSET_SYMBOL_EXTENSIONS = YES;
				CLANG_ANALYZER_NONNULL = YES;
				CLANG_ANALYZER_NUMBER_OBJECT_CONVERSION = YES_AGGRESSIVE;
				CLANG_CXX_LANGUAGE_STANDARD = "gnu++20";
				CLANG_ENABLE_MODULES = YES;
				CLANG_ENABLE_OBJC_ARC = YES;
				CLANG_ENABLE_OBJC_WEAK = YES;
				CLANG_WARN_BLOCK_CAPTURE_AUTORELEASING = YES;
				CLANG_WARN_BOOL_CONVERSION = YES;
				CLANG_WARN_COMMA = YES;
				CLANG_WARN_CONSTANT_CONVERSION = YES;
				CLANG_WARN_DEPRECATED_OBJC_IMPLEMENTATIONS = YES;
				CLANG_WARN_DIRECT_OBJC_ISA_USAGE = YES_ERROR;
				CLANG_WARN_DOCUMENTATION_COMMENTS = YES;
				CLANG_WARN_EMPTY_BODY = YES;
				CLANG_WARN_ENUM_CONVERSION = YES;
				CLANG_WARN_INFINITE_RECURSION = YES;
				CLANG_WARN_INT_CONVERSION = YES;
				CLANG_WARN_NON_LITERAL_NULL_CONVERSION = YES;
				CLANG_WARN_OBJC_IMPLICIT_RETAIN_SELF = YES;
				CLANG_WARN_OBJC_LITERAL_CONVERSION = YES;
				CLANG_WARN_OBJC_ROOT_CLASS = YES_ERROR;
				CLANG_WARN_QUOTED_INCLUDE_IN_FRAMEWORK_HEADER = YES;
				CLANG_WARN_RANGE_LOOP_ANALYSIS = YES;
				CLANG_WARN_STRICT_PROTOTYPES = YES;
				CLANG_WARN_SUSPICIOUS_MOVE = YES;
				CLANG_WARN_UNGUARDED_AVAILABILITY = YES_AGGRESSIVE;
				CLANG_WARN_UNREACHABLE_CODE = YES;
				CLANG_WARN__DUPLICATE_METHOD_MATCH = YES;
				COPY_PHASE_STRIP = NO;
				DEBUG_INFORMATION_FORMAT = "dwarf-with-dsym";
				ENABLE_NS_ASSERTIONS = NO;
				ENABLE_STRICT_OBJC_MSGSEND = YES;
				ENABLE_USER_SCRIPT_SANDBOXING = YES;
				GCC_C_LANGUAGE_STANDARD = gnu17;
				GCC_NO_COMMON_BLOCKS = YES;
				GCC_WARN_64_TO_32_BIT_CONVERSION = YES;
				GCC_WARN_ABOUT_RETURN_TYPE = YES_ERROR;
				GCC_WARN_UNDECLARED_SELECTOR = YES;
				GCC_WARN_UNINITIALIZED_AUTOS = YES_AGGRESSIVE;
				GCC_WARN_UNUSED_FUNCTION = YES;
				GCC_WARN_UNUSED_VARIABLE = YES;
				IPHONEOS_DEPLOYMENT_TARGET = 17.0;
				LOCALIZATION_PREFERS_STRING_CATALOGS = YES;
				MTL_ENABLE_DEBUG_INFO = NO;
				MTL_FAST_MATH = YES;
				SDKROOT = iphoneos;
				SWIFT_COMPILATION_MODE = wholemodule;
				VALIDATE_PRODUCT = YES;
			};
			name = Release;
		};
		A4A6C53D2B0A566D00CCA24A /* Debug */ = {
			isa = XCBuildConfiguration;
			buildSettings = {
				ASSETCATALOG_COMPILER_APPICON_NAME = AppIcon;
				ASSETCATALOG_COMPILER_GLOBAL_ACCENT_COLOR_NAME = AccentColor;
				CODE_SIGN_STYLE = Automatic;
				CURRENT_PROJECT_VERSION = 1;
				DEVELOPMENT_ASSET_PATHS = "\"myVanvitelli/Preview Content\"";
				DEVELOPMENT_TEAM = F8R7UB4Q56;
				ENABLE_PREVIEWS = YES;
				GENERATE_INFOPLIST_FILE = YES;
				INFOPLIST_KEY_UIApplicationSceneManifest_Generation = YES;
				INFOPLIST_KEY_UIApplicationSupportsIndirectInputEvents = YES;
				INFOPLIST_KEY_UILaunchScreen_Generation = YES;
				INFOPLIST_KEY_UISupportedInterfaceOrientations_iPad = "UIInterfaceOrientationPortrait UIInterfaceOrientationPortraitUpsideDown UIInterfaceOrientationLandscapeLeft UIInterfaceOrientationLandscapeRight";
				INFOPLIST_KEY_UISupportedInterfaceOrientations_iPhone = "UIInterfaceOrientationPortrait UIInterfaceOrientationLandscapeLeft UIInterfaceOrientationLandscapeRight";
				LD_RUNPATH_SEARCH_PATHS = (
					"$(inherited)",
					"@executable_path/Frameworks",
				);
				MARKETING_VERSION = 1.0;
				PRODUCT_BUNDLE_IDENTIFIER = asobers.myVanvitelli;
				PRODUCT_NAME = "$(TARGET_NAME)";
				SWIFT_EMIT_LOC_STRINGS = YES;
				SWIFT_VERSION = 5.0;
				TARGETED_DEVICE_FAMILY = "1,2";
			};
			name = Debug;
		};
		A4A6C53E2B0A566D00CCA24A /* Release */ = {
			isa = XCBuildConfiguration;
			buildSettings = {
				ASSETCATALOG_COMPILER_APPICON_NAME = AppIcon;
				ASSETCATALOG_COMPILER_GLOBAL_ACCENT_COLOR_NAME = AccentColor;
				CODE_SIGN_STYLE = Automatic;
				CURRENT_PROJECT_VERSION = 1;
				DEVELOPMENT_ASSET_PATHS = "\"myVanvitelli/Preview Content\"";
				DEVELOPMENT_TEAM = F8R7UB4Q56;
				ENABLE_PREVIEWS = YES;
				GENERATE_INFOPLIST_FILE = YES;
				INFOPLIST_KEY_UIApplicationSceneManifest_Generation = YES;
				INFOPLIST_KEY_UIApplicationSupportsIndirectInputEvents = YES;
				INFOPLIST_KEY_UILaunchScreen_Generation = YES;
				INFOPLIST_KEY_UISupportedInterfaceOrientations_iPad = "UIInterfaceOrientationPortrait UIInterfaceOrientationPortraitUpsideDown UIInterfaceOrientationLandscapeLeft UIInterfaceOrientationLandscapeRight";
				INFOPLIST_KEY_UISupportedInterfaceOrientations_iPhone = "UIInterfaceOrientationPortrait UIInterfaceOrientationLandscapeLeft UIInterfaceOrientationLandscapeRight";
				LD_RUNPATH_SEARCH_PATHS = (
					"$(inherited)",
					"@executable_path/Frameworks",
				);
				MARKETING_VERSION = 1.0;
				PRODUCT_BUNDLE_IDENTIFIER = asobers.myVanvitelli;
				PRODUCT_NAME = "$(TARGET_NAME)";
				SWIFT_EMIT_LOC_STRINGS = YES;
				SWIFT_VERSION = 5.0;
				TARGETED_DEVICE_FAMILY = "1,2";
			};
			name = Release;
		};
/* End XCBuildConfiguration section */

/* Begin XCConfigurationList section */
		A4A6C5292B0A566C00CCA24A /* Build configuration list for PBXProject "myVanvitelli" */ = {
			isa = XCConfigurationList;
			buildConfigurations = (
				A4A6C53A2B0A566D00CCA24A /* Debug */,
				A4A6C53B2B0A566D00CCA24A /* Release */,
			);
			defaultConfigurationIsVisible = 0;
			defaultConfigurationName = Release;
		};
		A4A6C53C2B0A566D00CCA24A /* Build configuration list for PBXNativeTarget "myVanvitelli" */ = {
			isa = XCConfigurationList;
			buildConfigurations = (
				A4A6C53D2B0A566D00CCA24A /* Debug */,
				A4A6C53E2B0A566D00CCA24A /* Release */,
			);
			defaultConfigurationIsVisible = 0;
			defaultConfigurationName = Release;
		};
/* End XCConfigurationList section */
	};
	rootObject = A4A6C5262B0A566C00CCA24A /* Project object */;
}
